
Microsoft Visual Studio Solution File, Format Version 12.00
# Visual Studio Version 17
VisualStudioVersion = 17.5.33627.172
MinimumVisualStudioVersion = 10.0.40219.1
Project("{FAE04EC0-301F-11D3-BF4B-00C04F79EFBC}") = "blog", "blog\blog.csproj", "{DFEE0C96-E0C1-4610-903D-21460A03D605}"
EndProject
Global
	GlobalSection(SolutionConfigurationPlatforms) = preSolution
		Debug|Any CPU = Debug|Any CPU
		Release|Any CPU = Release|Any CPU
	EndGlobalSection
	GlobalSection(ProjectConfigurationPlatforms) = postSolution
		{DFEE0C96-E0C1-4610-903D-21460A03D605}.Debug|Any CPU.ActiveCfg = Debug|Any CPU
		{DFEE0C96-E0C1-4610-903D-21460A03D605}.Debug|Any CPU.Build.0 = Debug|Any CPU
		{DFEE0C96-E0C1-4610-903D-21460A03D605}.Release|Any CPU.ActiveCfg = Release|Any CPU
		{DFEE0C96-E0C1-4610-903D-21460A03D605}.Release|Any CPU.Build.0 = Release|Any CPU
	EndGlobalSection
	GlobalSection(SolutionProperties) = preSolution
		HideSolutionNode = FALSE
	EndGlobalSection
	GlobalSection(ExtensibilityGlobals) = postSolution
		SolutionGuid = {8474AB6B-EDEB-4C4E-9829-8D6A406349B8}
	EndGlobalSection
EndGlobal
